
Microsoft Visual Studio Solution File, Format Version 12.00
# Visual Studio 15
VisualStudioVersion = 15.0.27703.2035
MinimumVisualStudioVersion = 10.0.40219.1
Project("{9A19103F-16F7-4668-BE54-9A1E7A4F7556}") = "SimpleRemoteMethods.Bases", "SimpleRemoteMethods.Bases\SimpleRemoteMethods.Bases.csproj", "{7C9A5143-F952-4539-BE46-A23EDFB807E3}"
EndProject
Project("{9A19103F-16F7-4668-BE54-9A1E7A4F7556}") = "SimpleRemoteMethods.ServerSide", "SimpleRemoteMethods.ServerSide\SimpleRemoteMethods.ServerSide.csproj", "{23C7DAEC-E19A-41F9-A875-43C68E5A7B7E}"
EndProject
Project("{9A19103F-16F7-4668-BE54-9A1E7A4F7556}") = "SimpleRemoteMethods.ClientSide", "SimpleRemoteMethods.ClientSide\SimpleRemoteMethods.ClientSide.csproj", "{17A037B6-D70A-4E5A-8E6D-4CBBF359E7D7}"
EndProject
Project("{9A19103F-16F7-4668-BE54-9A1E7A4F7556}") = "SimpleRemoteMethods.Test.Bases", "SimpleRemoteMethods.Test.Bases\SimpleRemoteMethods.Test.Bases.csproj", "{59B0937C-D5D5-4B0A-9642-67301C42EAC3}"
EndProject
Project("{FAE04EC0-301F-11D3-BF4B-00C04F79EFBC}") = "SimpleRemoteMethods.Test.ServerSide", "SimpleRemoteMethods.Test.ServerSide\SimpleRemoteMethods.Test.ServerSide.csproj", "{6E4720CA-4F4A-47E0-A99A-74357DF070F1}"
EndProject
Project("{FAE04EC0-301F-11D3-BF4B-00C04F79EFBC}") = "SimpleRemoteMethods.Test.ClientSide", "SimpleRemoteMethods.Test.ClientSide\SimpleRemoteMethods.Test.ClientSide.csproj", "{67FD0389-3CE8-4568-8EAE-7BE2FB23BD72}"
EndProject
Project("{FAE04EC0-301F-11D3-BF4B-00C04F79EFBC}") = "SimpleRemoteMethods.Test.Encryption", "SimpleRemoteMethods.Test.Encryption\SimpleRemoteMethods.Test.Encryption.csproj", "{D47054C7-BA1E-4618-AE39-1D187DECA9F9}"
EndProject
Project("{FAE04EC0-301F-11D3-BF4B-00C04F79EFBC}") = "SimpleRemoteMethods.Utils.Windows", "SimpleRemoteMethods.Utils.Windows\SimpleRemoteMethods.Utils.Windows.csproj", "{73AD206F-0A72-4F1C-9894-191858A77807}"
EndProject
Global
	GlobalSection(SolutionConfigurationPlatforms) = preSolution
		Debug|Any CPU = Debug|Any CPU
		Release|Any CPU = Release|Any CPU
	EndGlobalSection
	GlobalSection(ProjectConfigurationPlatforms) = postSolution
		{7C9A5143-F952-4539-BE46-A23EDFB807E3}.Debug|Any CPU.ActiveCfg = Debug|Any CPU
		{7C9A5143-F952-4539-BE46-A23EDFB807E3}.Debug|Any CPU.Build.0 = Debug|Any CPU
		{7C9A5143-F952-4539-BE46-A23EDFB807E3}.Release|Any CPU.ActiveCfg = Release|Any CPU
		{7C9A5143-F952-4539-BE46-A23EDFB807E3}.Release|Any CPU.Build.0 = Release|Any CPU
		{23C7DAEC-E19A-41F9-A875-43C68E5A7B7E}.Debug|Any CPU.ActiveCfg = Debug|Any CPU
		{23C7DAEC-E19A-41F9-A875-43C68E5A7B7E}.Debug|Any CPU.Build.0 = Debug|Any CPU
		{23C7DAEC-E19A-41F9-A875-43C68E5A7B7E}.Release|Any CPU.ActiveCfg = Release|Any CPU
		{23C7DAEC-E19A-41F9-A875-43C68E5A7B7E}.Release|Any CPU.Build.0 = Release|Any CPU
		{17A037B6-D70A-4E5A-8E6D-4CBBF359E7D7}.Debug|Any CPU.ActiveCfg = Debug|Any CPU
		{17A037B6-D70A-4E5A-8E6D-4CBBF359E7D7}.Debug|Any CPU.Build.0 = Debug|Any CPU
		{17A037B6-D70A-4E5A-8E6D-4CBBF359E7D7}.Release|Any CPU.ActiveCfg = Release|Any CPU
		{17A037B6-D70A-4E5A-8E6D-4CBBF359E7D7}.Release|Any CPU.Build.0 = Release|Any CPU
		{59B0937C-D5D5-4B0A-9642-67301C42EAC3}.Debug|Any CPU.ActiveCfg = Debug|Any CPU
		{59B0937C-D5D5-4B0A-9642-67301C42EAC3}.Debug|Any CPU.Build.0 = Debug|Any CPU
		{59B0937C-D5D5-4B0A-9642-67301C42EAC3}.Release|Any CPU.ActiveCfg = Release|Any CPU
		{59B0937C-D5D5-4B0A-9642-67301C42EAC3}.Release|Any CPU.Build.0 = Release|Any CPU
		{6E4720CA-4F4A-47E0-A99A-74357DF070F1}.Debug|Any CPU.ActiveCfg = Debug|Any CPU
		{6E4720CA-4F4A-47E0-A99A-74357DF070F1}.Debug|Any CPU.Build.0 = Debug|Any CPU
		{6E4720CA-4F4A-47E0-A99A-74357DF070F1}.Release|Any CPU.ActiveCfg = Release|Any CPU
		{6E4720CA-4F4A-47E0-A99A-74357DF070F1}.Release|Any CPU.Build.0 = Release|Any CPU
		{67FD0389-3CE8-4568-8EAE-7BE2FB23BD72}.Debug|Any CPU.ActiveCfg = Debug|Any CPU
		{67FD0389-3CE8-4568-8EAE-7BE2FB23BD72}.Debug|Any CPU.Build.0 = Debug|Any CPU
		{67FD0389-3CE8-4568-8EAE-7BE2FB23BD72}.Release|Any CPU.ActiveCfg = Release|Any CPU
		{67FD0389-3CE8-4568-8EAE-7BE2FB23BD72}.Release|Any CPU.Build.0 = Release|Any CPU
		{D47054C7-BA1E-4618-AE39-1D187DECA9F9}.Debug|Any CPU.ActiveCfg = Debug|Any CPU
		{D47054C7-BA1E-4618-AE39-1D187DECA9F9}.Debug|Any CPU.Build.0 = Debug|Any CPU
		{D47054C7-BA1E-4618-AE39-1D187DECA9F9}.Release|Any CPU.ActiveCfg = Release|Any CPU
		{D47054C7-BA1E-4618-AE39-1D187DECA9F9}.Release|Any CPU.Build.0 = Release|Any CPU
		{73AD206F-0A72-4F1C-9894-191858A77807}.Debug|Any CPU.ActiveCfg = Debug|Any CPU
		{73AD206F-0A72-4F1C-9894-191858A77807}.Debug|Any CPU.Build.0 = Debug|Any CPU
		{73AD206F-0A72-4F1C-9894-191858A77807}.Release|Any CPU.ActiveCfg = Release|Any CPU
		{73AD206F-0A72-4F1C-9894-191858A77807}.Release|Any CPU.Build.0 = Release|Any CPU
	EndGlobalSection
	GlobalSection(SolutionProperties) = preSolution
		HideSolutionNode = FALSE
	EndGlobalSection
	GlobalSection(ExtensibilityGlobals) = postSolution
		SolutionGuid = {E1EC2AC0-20F9-4F3D-B3E8-F4425FD33288}
	EndGlobalSection
EndGlobal
