
Microsoft Visual Studio Solution File, Format Version 12.00
# Visual Studio 15
VisualStudioVersion = 15.0.27703.2035
MinimumVisualStudioVersion = 10.0.40219.1
Project("{9A19103F-16F7-4668-BE54-9A1E7A4F7556}") = "SimpleRemoteMethods.Bases", "SimpleRemoteMethods.Bases\SimpleRemoteMethods.Bases.csproj", "{7C9A5143-F952-4539-BE46-A23EDFB807E3}"
EndProject
Project("{9A19103F-16F7-4668-BE54-9A1E7A4F7556}") = "SimpleRemoteMethods.ServerSide", "SimpleRemoteMethods.ServerSide\SimpleRemoteMethods.ServerSide.csproj", "{23C7DAEC-E19A-41F9-A875-43C68E5A7B7E}"
EndProject
Project("{9A19103F-16F7-4668-BE54-9A1E7A4F7556}") = "SimpleRemoteMethods.ClientSide", "SimpleRemoteMethods.ClientSide\SimpleRemoteMethods.ClientSide.csproj", "{17A037B6-D70A-4E5A-8E6D-4CBBF359E7D7}"
EndProject
Project("{9A19103F-16F7-4668-BE54-9A1E7A4F7556}") = "SimpleRemoteMethods.Test.Bases", "SimpleRemoteMethods.Test.Bases\SimpleRemoteMethods.Test.Bases.csproj", "{59B0937C-D5D5-4B0A-9642-67301C42EAC3}"
EndProject
Project("{FAE04EC0-301F-11D3-BF4B-00C04F79EFBC}") = "SimpleRemoteMethods.Test.ServerSide", "SimpleRemoteMethods.Test.ServerSide\SimpleRemoteMethods.Test.ServerSide.csproj", "{6E4720CA-4F4A-47E0-A99A-74357DF070F1}"
EndProject
Project("{FAE04EC0-301F-11D3-BF4B-00C04F79EFBC}") = "SimpleRemoteMethods.Test.ClientSide", "SimpleRemoteMethods.Test.ClientSide\SimpleRemoteMethods.Test.ClientSide.csproj", "{67FD0389-3CE8-4568-8EAE-7BE2FB23BD72}"
EndProject
Project("{FAE04EC0-301F-11D3-BF4B-00C04F79EFBC}") = "SimpleRemoteMethods.Test.Encryption", "SimpleRemoteMethods.Test.Encryption\SimpleRemoteMethods.Test.Encryption.csproj", "{D47054C7-BA1E-4618-AE39-1D187DECA9F9}"
EndProject
Project("{FAE04EC0-301F-11D3-BF4B-00C04F79EFBC}") = "SimpleRemoteMethods.Utils.Windows", "SimpleRemoteMethods.Utils.Windows\SimpleRemoteMethods.Utils.Windows.csproj", "{73AD206F-0A72-4F1C-9894-191858A77807}"
EndProject
Project("{FAE04EC0-301F-11D3-BF4B-00C04F79EFBC}") = "SimpleRemoteMethods.CrossTest.Android", "SimpleRemoteMethods.CrossTest\SimpleRemoteMethods.CrossTest.Android\SimpleRemoteMethods.CrossTest.Android.csproj", "{38BFCAED-448F-4B75-BA04-AB1877AB8D2F}"
EndProject
Project("{FAE04EC0-301F-11D3-BF4B-00C04F79EFBC}") = "SimpleRemoteMethods.CrossTest.iOS", "SimpleRemoteMethods.CrossTest\SimpleRemoteMethods.CrossTest.iOS\SimpleRemoteMethods.CrossTest.iOS.csproj", "{A542F324-F3CA-4D97-893D-23DBAD6D58B9}"
EndProject
Project("{FAE04EC0-301F-11D3-BF4B-00C04F79EFBC}") = "SimpleRemoteMethods.CrossTest.UWP", "SimpleRemoteMethods.CrossTest\SimpleRemoteMethods.CrossTest.UWP\SimpleRemoteMethods.CrossTest.UWP.csproj", "{EA98AC4C-BA67-4577-BAFF-B8DD5079A59D}"
EndProject
Project("{9A19103F-16F7-4668-BE54-9A1E7A4F7556}") = "SimpleRemoteMethods.CrossTest", "SimpleRemoteMethods.CrossTest\SimpleRemoteMethods.CrossTest\SimpleRemoteMethods.CrossTest.csproj", "{449AAC67-3D13-4FA5-B294-A05178251C0A}"
EndProject
Project("{2150E333-8FDC-42A3-9474-1A3956D46DE8}") = "TestProjects", "TestProjects", "{88B9CB6E-C2C5-4018-900C-CF1938953EB7}"
EndProject
Global
	GlobalSection(SolutionConfigurationPlatforms) = preSolution
		Ad-Hoc|Any CPU = Ad-Hoc|Any CPU
		Ad-Hoc|ARM = Ad-Hoc|ARM
		Ad-Hoc|iPhone = Ad-Hoc|iPhone
		Ad-Hoc|iPhoneSimulator = Ad-Hoc|iPhoneSimulator
		Ad-Hoc|x64 = Ad-Hoc|x64
		Ad-Hoc|x86 = Ad-Hoc|x86
		AppStore|Any CPU = AppStore|Any CPU
		AppStore|ARM = AppStore|ARM
		AppStore|iPhone = AppStore|iPhone
		AppStore|iPhoneSimulator = AppStore|iPhoneSimulator
		AppStore|x64 = AppStore|x64
		AppStore|x86 = AppStore|x86
		Debug|Any CPU = Debug|Any CPU
		Debug|ARM = Debug|ARM
		Debug|iPhone = Debug|iPhone
		Debug|iPhoneSimulator = Debug|iPhoneSimulator
		Debug|x64 = Debug|x64
		Debug|x86 = Debug|x86
		Release|Any CPU = Release|Any CPU
		Release|ARM = Release|ARM
		Release|iPhone = Release|iPhone
		Release|iPhoneSimulator = Release|iPhoneSimulator
		Release|x64 = Release|x64
		Release|x86 = Release|x86
	EndGlobalSection
	GlobalSection(ProjectConfigurationPlatforms) = postSolution
		{7C9A5143-F952-4539-BE46-A23EDFB807E3}.Ad-Hoc|Any CPU.ActiveCfg = Release|Any CPU
		{7C9A5143-F952-4539-BE46-A23EDFB807E3}.Ad-Hoc|Any CPU.Build.0 = Release|Any CPU
		{7C9A5143-F952-4539-BE46-A23EDFB807E3}.Ad-Hoc|ARM.ActiveCfg = Release|Any CPU
		{7C9A5143-F952-4539-BE46-A23EDFB807E3}.Ad-Hoc|ARM.Build.0 = Release|Any CPU
		{7C9A5143-F952-4539-BE46-A23EDFB807E3}.Ad-Hoc|iPhone.ActiveCfg = Release|Any CPU
		{7C9A5143-F952-4539-BE46-A23EDFB807E3}.Ad-Hoc|iPhone.Build.0 = Release|Any CPU
		{7C9A5143-F952-4539-BE46-A23EDFB807E3}.Ad-Hoc|iPhoneSimulator.ActiveCfg = Release|Any CPU
		{7C9A5143-F952-4539-BE46-A23EDFB807E3}.Ad-Hoc|iPhoneSimulator.Build.0 = Release|Any CPU
		{7C9A5143-F952-4539-BE46-A23EDFB807E3}.Ad-Hoc|x64.ActiveCfg = Release|Any CPU
		{7C9A5143-F952-4539-BE46-A23EDFB807E3}.Ad-Hoc|x64.Build.0 = Release|Any CPU
		{7C9A5143-F952-4539-BE46-A23EDFB807E3}.Ad-Hoc|x86.ActiveCfg = Release|Any CPU
		{7C9A5143-F952-4539-BE46-A23EDFB807E3}.Ad-Hoc|x86.Build.0 = Release|Any CPU
		{7C9A5143-F952-4539-BE46-A23EDFB807E3}.AppStore|Any CPU.ActiveCfg = Release|Any CPU
		{7C9A5143-F952-4539-BE46-A23EDFB807E3}.AppStore|Any CPU.Build.0 = Release|Any CPU
		{7C9A5143-F952-4539-BE46-A23EDFB807E3}.AppStore|ARM.ActiveCfg = Release|Any CPU
		{7C9A5143-F952-4539-BE46-A23EDFB807E3}.AppStore|ARM.Build.0 = Release|Any CPU
		{7C9A5143-F952-4539-BE46-A23EDFB807E3}.AppStore|iPhone.ActiveCfg = Release|Any CPU
		{7C9A5143-F952-4539-BE46-A23EDFB807E3}.AppStore|iPhone.Build.0 = Release|Any CPU
		{7C9A5143-F952-4539-BE46-A23EDFB807E3}.AppStore|iPhoneSimulator.ActiveCfg = Release|Any CPU
		{7C9A5143-F952-4539-BE46-A23EDFB807E3}.AppStore|iPhoneSimulator.Build.0 = Release|Any CPU
		{7C9A5143-F952-4539-BE46-A23EDFB807E3}.AppStore|x64.ActiveCfg = Release|Any CPU
		{7C9A5143-F952-4539-BE46-A23EDFB807E3}.AppStore|x64.Build.0 = Release|Any CPU
		{7C9A5143-F952-4539-BE46-A23EDFB807E3}.AppStore|x86.ActiveCfg = Release|Any CPU
		{7C9A5143-F952-4539-BE46-A23EDFB807E3}.AppStore|x86.Build.0 = Release|Any CPU
		{7C9A5143-F952-4539-BE46-A23EDFB807E3}.Debug|Any CPU.ActiveCfg = Debug|Any CPU
		{7C9A5143-F952-4539-BE46-A23EDFB807E3}.Debug|Any CPU.Build.0 = Debug|Any CPU
		{7C9A5143-F952-4539-BE46-A23EDFB807E3}.Debug|ARM.ActiveCfg = Debug|Any CPU
		{7C9A5143-F952-4539-BE46-A23EDFB807E3}.Debug|ARM.Build.0 = Debug|Any CPU
		{7C9A5143-F952-4539-BE46-A23EDFB807E3}.Debug|iPhone.ActiveCfg = Debug|Any CPU
		{7C9A5143-F952-4539-BE46-A23EDFB807E3}.Debug|iPhone.Build.0 = Debug|Any CPU
		{7C9A5143-F952-4539-BE46-A23EDFB807E3}.Debug|iPhoneSimulator.ActiveCfg = Debug|Any CPU
		{7C9A5143-F952-4539-BE46-A23EDFB807E3}.Debug|iPhoneSimulator.Build.0 = Debug|Any CPU
		{7C9A5143-F952-4539-BE46-A23EDFB807E3}.Debug|x64.ActiveCfg = Debug|Any CPU
		{7C9A5143-F952-4539-BE46-A23EDFB807E3}.Debug|x64.Build.0 = Debug|Any CPU
		{7C9A5143-F952-4539-BE46-A23EDFB807E3}.Debug|x86.ActiveCfg = Debug|Any CPU
		{7C9A5143-F952-4539-BE46-A23EDFB807E3}.Debug|x86.Build.0 = Debug|Any CPU
		{7C9A5143-F952-4539-BE46-A23EDFB807E3}.Release|Any CPU.ActiveCfg = Release|Any CPU
		{7C9A5143-F952-4539-BE46-A23EDFB807E3}.Release|Any CPU.Build.0 = Release|Any CPU
		{7C9A5143-F952-4539-BE46-A23EDFB807E3}.Release|ARM.ActiveCfg = Release|Any CPU
		{7C9A5143-F952-4539-BE46-A23EDFB807E3}.Release|ARM.Build.0 = Release|Any CPU
		{7C9A5143-F952-4539-BE46-A23EDFB807E3}.Release|iPhone.ActiveCfg = Release|Any CPU
		{7C9A5143-F952-4539-BE46-A23EDFB807E3}.Release|iPhone.Build.0 = Release|Any CPU
		{7C9A5143-F952-4539-BE46-A23EDFB807E3}.Release|iPhoneSimulator.ActiveCfg = Release|Any CPU
		{7C9A5143-F952-4539-BE46-A23EDFB807E3}.Release|iPhoneSimulator.Build.0 = Release|Any CPU
		{7C9A5143-F952-4539-BE46-A23EDFB807E3}.Release|x64.ActiveCfg = Release|Any CPU
		{7C9A5143-F952-4539-BE46-A23EDFB807E3}.Release|x64.Build.0 = Release|Any CPU
		{7C9A5143-F952-4539-BE46-A23EDFB807E3}.Release|x86.ActiveCfg = Release|Any CPU
		{7C9A5143-F952-4539-BE46-A23EDFB807E3}.Release|x86.Build.0 = Release|Any CPU
		{23C7DAEC-E19A-41F9-A875-43C68E5A7B7E}.Ad-Hoc|Any CPU.ActiveCfg = Release|Any CPU
		{23C7DAEC-E19A-41F9-A875-43C68E5A7B7E}.Ad-Hoc|Any CPU.Build.0 = Release|Any CPU
		{23C7DAEC-E19A-41F9-A875-43C68E5A7B7E}.Ad-Hoc|ARM.ActiveCfg = Release|Any CPU
		{23C7DAEC-E19A-41F9-A875-43C68E5A7B7E}.Ad-Hoc|ARM.Build.0 = Release|Any CPU
		{23C7DAEC-E19A-41F9-A875-43C68E5A7B7E}.Ad-Hoc|iPhone.ActiveCfg = Release|Any CPU
		{23C7DAEC-E19A-41F9-A875-43C68E5A7B7E}.Ad-Hoc|iPhone.Build.0 = Release|Any CPU
		{23C7DAEC-E19A-41F9-A875-43C68E5A7B7E}.Ad-Hoc|iPhoneSimulator.ActiveCfg = Release|Any CPU
		{23C7DAEC-E19A-41F9-A875-43C68E5A7B7E}.Ad-Hoc|iPhoneSimulator.Build.0 = Release|Any CPU
		{23C7DAEC-E19A-41F9-A875-43C68E5A7B7E}.Ad-Hoc|x64.ActiveCfg = Release|Any CPU
		{23C7DAEC-E19A-41F9-A875-43C68E5A7B7E}.Ad-Hoc|x64.Build.0 = Release|Any CPU
		{23C7DAEC-E19A-41F9-A875-43C68E5A7B7E}.Ad-Hoc|x86.ActiveCfg = Release|Any CPU
		{23C7DAEC-E19A-41F9-A875-43C68E5A7B7E}.Ad-Hoc|x86.Build.0 = Release|Any CPU
		{23C7DAEC-E19A-41F9-A875-43C68E5A7B7E}.AppStore|Any CPU.ActiveCfg = Release|Any CPU
		{23C7DAEC-E19A-41F9-A875-43C68E5A7B7E}.AppStore|Any CPU.Build.0 = Release|Any CPU
		{23C7DAEC-E19A-41F9-A875-43C68E5A7B7E}.AppStore|ARM.ActiveCfg = Release|Any CPU
		{23C7DAEC-E19A-41F9-A875-43C68E5A7B7E}.AppStore|ARM.Build.0 = Release|Any CPU
		{23C7DAEC-E19A-41F9-A875-43C68E5A7B7E}.AppStore|iPhone.ActiveCfg = Release|Any CPU
		{23C7DAEC-E19A-41F9-A875-43C68E5A7B7E}.AppStore|iPhone.Build.0 = Release|Any CPU
		{23C7DAEC-E19A-41F9-A875-43C68E5A7B7E}.AppStore|iPhoneSimulator.ActiveCfg = Release|Any CPU
		{23C7DAEC-E19A-41F9-A875-43C68E5A7B7E}.AppStore|iPhoneSimulator.Build.0 = Release|Any CPU
		{23C7DAEC-E19A-41F9-A875-43C68E5A7B7E}.AppStore|x64.ActiveCfg = Release|Any CPU
		{23C7DAEC-E19A-41F9-A875-43C68E5A7B7E}.AppStore|x64.Build.0 = Release|Any CPU
		{23C7DAEC-E19A-41F9-A875-43C68E5A7B7E}.AppStore|x86.ActiveCfg = Release|Any CPU
		{23C7DAEC-E19A-41F9-A875-43C68E5A7B7E}.AppStore|x86.Build.0 = Release|Any CPU
		{23C7DAEC-E19A-41F9-A875-43C68E5A7B7E}.Debug|Any CPU.ActiveCfg = Debug|Any CPU
		{23C7DAEC-E19A-41F9-A875-43C68E5A7B7E}.Debug|Any CPU.Build.0 = Debug|Any CPU
		{23C7DAEC-E19A-41F9-A875-43C68E5A7B7E}.Debug|ARM.ActiveCfg = Debug|Any CPU
		{23C7DAEC-E19A-41F9-A875-43C68E5A7B7E}.Debug|ARM.Build.0 = Debug|Any CPU
		{23C7DAEC-E19A-41F9-A875-43C68E5A7B7E}.Debug|iPhone.ActiveCfg = Debug|Any CPU
		{23C7DAEC-E19A-41F9-A875-43C68E5A7B7E}.Debug|iPhone.Build.0 = Debug|Any CPU
		{23C7DAEC-E19A-41F9-A875-43C68E5A7B7E}.Debug|iPhoneSimulator.ActiveCfg = Debug|Any CPU
		{23C7DAEC-E19A-41F9-A875-43C68E5A7B7E}.Debug|iPhoneSimulator.Build.0 = Debug|Any CPU
		{23C7DAEC-E19A-41F9-A875-43C68E5A7B7E}.Debug|x64.ActiveCfg = Debug|Any CPU
		{23C7DAEC-E19A-41F9-A875-43C68E5A7B7E}.Debug|x64.Build.0 = Debug|Any CPU
		{23C7DAEC-E19A-41F9-A875-43C68E5A7B7E}.Debug|x86.ActiveCfg = Debug|Any CPU
		{23C7DAEC-E19A-41F9-A875-43C68E5A7B7E}.Debug|x86.Build.0 = Debug|Any CPU
		{23C7DAEC-E19A-41F9-A875-43C68E5A7B7E}.Release|Any CPU.ActiveCfg = Release|Any CPU
		{23C7DAEC-E19A-41F9-A875-43C68E5A7B7E}.Release|Any CPU.Build.0 = Release|Any CPU
		{23C7DAEC-E19A-41F9-A875-43C68E5A7B7E}.Release|ARM.ActiveCfg = Release|Any CPU
		{23C7DAEC-E19A-41F9-A875-43C68E5A7B7E}.Release|ARM.Build.0 = Release|Any CPU
		{23C7DAEC-E19A-41F9-A875-43C68E5A7B7E}.Release|iPhone.ActiveCfg = Release|Any CPU
		{23C7DAEC-E19A-41F9-A875-43C68E5A7B7E}.Release|iPhone.Build.0 = Release|Any CPU
		{23C7DAEC-E19A-41F9-A875-43C68E5A7B7E}.Release|iPhoneSimulator.ActiveCfg = Release|Any CPU
		{23C7DAEC-E19A-41F9-A875-43C68E5A7B7E}.Release|iPhoneSimulator.Build.0 = Release|Any CPU
		{23C7DAEC-E19A-41F9-A875-43C68E5A7B7E}.Release|x64.ActiveCfg = Release|Any CPU
		{23C7DAEC-E19A-41F9-A875-43C68E5A7B7E}.Release|x64.Build.0 = Release|Any CPU
		{23C7DAEC-E19A-41F9-A875-43C68E5A7B7E}.Release|x86.ActiveCfg = Release|Any CPU
		{23C7DAEC-E19A-41F9-A875-43C68E5A7B7E}.Release|x86.Build.0 = Release|Any CPU
		{17A037B6-D70A-4E5A-8E6D-4CBBF359E7D7}.Ad-Hoc|Any CPU.ActiveCfg = Release|Any CPU
		{17A037B6-D70A-4E5A-8E6D-4CBBF359E7D7}.Ad-Hoc|Any CPU.Build.0 = Release|Any CPU
		{17A037B6-D70A-4E5A-8E6D-4CBBF359E7D7}.Ad-Hoc|ARM.ActiveCfg = Release|Any CPU
		{17A037B6-D70A-4E5A-8E6D-4CBBF359E7D7}.Ad-Hoc|ARM.Build.0 = Release|Any CPU
		{17A037B6-D70A-4E5A-8E6D-4CBBF359E7D7}.Ad-Hoc|iPhone.ActiveCfg = Release|Any CPU
		{17A037B6-D70A-4E5A-8E6D-4CBBF359E7D7}.Ad-Hoc|iPhone.Build.0 = Release|Any CPU
		{17A037B6-D70A-4E5A-8E6D-4CBBF359E7D7}.Ad-Hoc|iPhoneSimulator.ActiveCfg = Release|Any CPU
		{17A037B6-D70A-4E5A-8E6D-4CBBF359E7D7}.Ad-Hoc|iPhoneSimulator.Build.0 = Release|Any CPU
		{17A037B6-D70A-4E5A-8E6D-4CBBF359E7D7}.Ad-Hoc|x64.ActiveCfg = Release|Any CPU
		{17A037B6-D70A-4E5A-8E6D-4CBBF359E7D7}.Ad-Hoc|x64.Build.0 = Release|Any CPU
		{17A037B6-D70A-4E5A-8E6D-4CBBF359E7D7}.Ad-Hoc|x86.ActiveCfg = Release|Any CPU
		{17A037B6-D70A-4E5A-8E6D-4CBBF359E7D7}.Ad-Hoc|x86.Build.0 = Release|Any CPU
		{17A037B6-D70A-4E5A-8E6D-4CBBF359E7D7}.AppStore|Any CPU.ActiveCfg = Release|Any CPU
		{17A037B6-D70A-4E5A-8E6D-4CBBF359E7D7}.AppStore|Any CPU.Build.0 = Release|Any CPU
		{17A037B6-D70A-4E5A-8E6D-4CBBF359E7D7}.AppStore|ARM.ActiveCfg = Release|Any CPU
		{17A037B6-D70A-4E5A-8E6D-4CBBF359E7D7}.AppStore|ARM.Build.0 = Release|Any CPU
		{17A037B6-D70A-4E5A-8E6D-4CBBF359E7D7}.AppStore|iPhone.ActiveCfg = Release|Any CPU
		{17A037B6-D70A-4E5A-8E6D-4CBBF359E7D7}.AppStore|iPhone.Build.0 = Release|Any CPU
		{17A037B6-D70A-4E5A-8E6D-4CBBF359E7D7}.AppStore|iPhoneSimulator.ActiveCfg = Release|Any CPU
		{17A037B6-D70A-4E5A-8E6D-4CBBF359E7D7}.AppStore|iPhoneSimulator.Build.0 = Release|Any CPU
		{17A037B6-D70A-4E5A-8E6D-4CBBF359E7D7}.AppStore|x64.ActiveCfg = Release|Any CPU
		{17A037B6-D70A-4E5A-8E6D-4CBBF359E7D7}.AppStore|x64.Build.0 = Release|Any CPU
		{17A037B6-D70A-4E5A-8E6D-4CBBF359E7D7}.AppStore|x86.ActiveCfg = Release|Any CPU
		{17A037B6-D70A-4E5A-8E6D-4CBBF359E7D7}.AppStore|x86.Build.0 = Release|Any CPU
		{17A037B6-D70A-4E5A-8E6D-4CBBF359E7D7}.Debug|Any CPU.ActiveCfg = Debug|Any CPU
		{17A037B6-D70A-4E5A-8E6D-4CBBF359E7D7}.Debug|Any CPU.Build.0 = Debug|Any CPU
		{17A037B6-D70A-4E5A-8E6D-4CBBF359E7D7}.Debug|ARM.ActiveCfg = Debug|Any CPU
		{17A037B6-D70A-4E5A-8E6D-4CBBF359E7D7}.Debug|ARM.Build.0 = Debug|Any CPU
		{17A037B6-D70A-4E5A-8E6D-4CBBF359E7D7}.Debug|iPhone.ActiveCfg = Debug|Any CPU
		{17A037B6-D70A-4E5A-8E6D-4CBBF359E7D7}.Debug|iPhone.Build.0 = Debug|Any CPU
		{17A037B6-D70A-4E5A-8E6D-4CBBF359E7D7}.Debug|iPhoneSimulator.ActiveCfg = Debug|Any CPU
		{17A037B6-D70A-4E5A-8E6D-4CBBF359E7D7}.Debug|iPhoneSimulator.Build.0 = Debug|Any CPU
		{17A037B6-D70A-4E5A-8E6D-4CBBF359E7D7}.Debug|x64.ActiveCfg = Debug|Any CPU
		{17A037B6-D70A-4E5A-8E6D-4CBBF359E7D7}.Debug|x64.Build.0 = Debug|Any CPU
		{17A037B6-D70A-4E5A-8E6D-4CBBF359E7D7}.Debug|x86.ActiveCfg = Debug|Any CPU
		{17A037B6-D70A-4E5A-8E6D-4CBBF359E7D7}.Debug|x86.Build.0 = Debug|Any CPU
		{17A037B6-D70A-4E5A-8E6D-4CBBF359E7D7}.Release|Any CPU.ActiveCfg = Release|Any CPU
		{17A037B6-D70A-4E5A-8E6D-4CBBF359E7D7}.Release|Any CPU.Build.0 = Release|Any CPU
		{17A037B6-D70A-4E5A-8E6D-4CBBF359E7D7}.Release|ARM.ActiveCfg = Release|Any CPU
		{17A037B6-D70A-4E5A-8E6D-4CBBF359E7D7}.Release|ARM.Build.0 = Release|Any CPU
		{17A037B6-D70A-4E5A-8E6D-4CBBF359E7D7}.Release|iPhone.ActiveCfg = Release|Any CPU
		{17A037B6-D70A-4E5A-8E6D-4CBBF359E7D7}.Release|iPhone.Build.0 = Release|Any CPU
		{17A037B6-D70A-4E5A-8E6D-4CBBF359E7D7}.Release|iPhoneSimulator.ActiveCfg = Release|Any CPU
		{17A037B6-D70A-4E5A-8E6D-4CBBF359E7D7}.Release|iPhoneSimulator.Build.0 = Release|Any CPU
		{17A037B6-D70A-4E5A-8E6D-4CBBF359E7D7}.Release|x64.ActiveCfg = Release|Any CPU
		{17A037B6-D70A-4E5A-8E6D-4CBBF359E7D7}.Release|x64.Build.0 = Release|Any CPU
		{17A037B6-D70A-4E5A-8E6D-4CBBF359E7D7}.Release|x86.ActiveCfg = Release|Any CPU
		{17A037B6-D70A-4E5A-8E6D-4CBBF359E7D7}.Release|x86.Build.0 = Release|Any CPU
		{59B0937C-D5D5-4B0A-9642-67301C42EAC3}.Ad-Hoc|Any CPU.ActiveCfg = Release|Any CPU
		{59B0937C-D5D5-4B0A-9642-67301C42EAC3}.Ad-Hoc|Any CPU.Build.0 = Release|Any CPU
		{59B0937C-D5D5-4B0A-9642-67301C42EAC3}.Ad-Hoc|ARM.ActiveCfg = Release|Any CPU
		{59B0937C-D5D5-4B0A-9642-67301C42EAC3}.Ad-Hoc|ARM.Build.0 = Release|Any CPU
		{59B0937C-D5D5-4B0A-9642-67301C42EAC3}.Ad-Hoc|iPhone.ActiveCfg = Release|Any CPU
		{59B0937C-D5D5-4B0A-9642-67301C42EAC3}.Ad-Hoc|iPhone.Build.0 = Release|Any CPU
		{59B0937C-D5D5-4B0A-9642-67301C42EAC3}.Ad-Hoc|iPhoneSimulator.ActiveCfg = Release|Any CPU
		{59B0937C-D5D5-4B0A-9642-67301C42EAC3}.Ad-Hoc|iPhoneSimulator.Build.0 = Release|Any CPU
		{59B0937C-D5D5-4B0A-9642-67301C42EAC3}.Ad-Hoc|x64.ActiveCfg = Release|Any CPU
		{59B0937C-D5D5-4B0A-9642-67301C42EAC3}.Ad-Hoc|x64.Build.0 = Release|Any CPU
		{59B0937C-D5D5-4B0A-9642-67301C42EAC3}.Ad-Hoc|x86.ActiveCfg = Release|Any CPU
		{59B0937C-D5D5-4B0A-9642-67301C42EAC3}.Ad-Hoc|x86.Build.0 = Release|Any CPU
		{59B0937C-D5D5-4B0A-9642-67301C42EAC3}.AppStore|Any CPU.ActiveCfg = Release|Any CPU
		{59B0937C-D5D5-4B0A-9642-67301C42EAC3}.AppStore|Any CPU.Build.0 = Release|Any CPU
		{59B0937C-D5D5-4B0A-9642-67301C42EAC3}.AppStore|ARM.ActiveCfg = Release|Any CPU
		{59B0937C-D5D5-4B0A-9642-67301C42EAC3}.AppStore|ARM.Build.0 = Release|Any CPU
		{59B0937C-D5D5-4B0A-9642-67301C42EAC3}.AppStore|iPhone.ActiveCfg = Release|Any CPU
		{59B0937C-D5D5-4B0A-9642-67301C42EAC3}.AppStore|iPhone.Build.0 = Release|Any CPU
		{59B0937C-D5D5-4B0A-9642-67301C42EAC3}.AppStore|iPhoneSimulator.ActiveCfg = Release|Any CPU
		{59B0937C-D5D5-4B0A-9642-67301C42EAC3}.AppStore|iPhoneSimulator.Build.0 = Release|Any CPU
		{59B0937C-D5D5-4B0A-9642-67301C42EAC3}.AppStore|x64.ActiveCfg = Release|Any CPU
		{59B0937C-D5D5-4B0A-9642-67301C42EAC3}.AppStore|x64.Build.0 = Release|Any CPU
		{59B0937C-D5D5-4B0A-9642-67301C42EAC3}.AppStore|x86.ActiveCfg = Release|Any CPU
		{59B0937C-D5D5-4B0A-9642-67301C42EAC3}.AppStore|x86.Build.0 = Release|Any CPU
		{59B0937C-D5D5-4B0A-9642-67301C42EAC3}.Debug|Any CPU.ActiveCfg = Debug|Any CPU
		{59B0937C-D5D5-4B0A-9642-67301C42EAC3}.Debug|Any CPU.Build.0 = Debug|Any CPU
		{59B0937C-D5D5-4B0A-9642-67301C42EAC3}.Debug|ARM.ActiveCfg = Debug|Any CPU
		{59B0937C-D5D5-4B0A-9642-67301C42EAC3}.Debug|ARM.Build.0 = Debug|Any CPU
		{59B0937C-D5D5-4B0A-9642-67301C42EAC3}.Debug|iPhone.ActiveCfg = Debug|Any CPU
		{59B0937C-D5D5-4B0A-9642-67301C42EAC3}.Debug|iPhone.Build.0 = Debug|Any CPU
		{59B0937C-D5D5-4B0A-9642-67301C42EAC3}.Debug|iPhoneSimulator.ActiveCfg = Debug|Any CPU
		{59B0937C-D5D5-4B0A-9642-67301C42EAC3}.Debug|iPhoneSimulator.Build.0 = Debug|Any CPU
		{59B0937C-D5D5-4B0A-9642-67301C42EAC3}.Debug|x64.ActiveCfg = Debug|Any CPU
		{59B0937C-D5D5-4B0A-9642-67301C42EAC3}.Debug|x64.Build.0 = Debug|Any CPU
		{59B0937C-D5D5-4B0A-9642-67301C42EAC3}.Debug|x86.ActiveCfg = Debug|Any CPU
		{59B0937C-D5D5-4B0A-9642-67301C42EAC3}.Debug|x86.Build.0 = Debug|Any CPU
		{59B0937C-D5D5-4B0A-9642-67301C42EAC3}.Release|Any CPU.ActiveCfg = Release|Any CPU
		{59B0937C-D5D5-4B0A-9642-67301C42EAC3}.Release|Any CPU.Build.0 = Release|Any CPU
		{59B0937C-D5D5-4B0A-9642-67301C42EAC3}.Release|ARM.ActiveCfg = Release|Any CPU
		{59B0937C-D5D5-4B0A-9642-67301C42EAC3}.Release|ARM.Build.0 = Release|Any CPU
		{59B0937C-D5D5-4B0A-9642-67301C42EAC3}.Release|iPhone.ActiveCfg = Release|Any CPU
		{59B0937C-D5D5-4B0A-9642-67301C42EAC3}.Release|iPhone.Build.0 = Release|Any CPU
		{59B0937C-D5D5-4B0A-9642-67301C42EAC3}.Release|iPhoneSimulator.ActiveCfg = Release|Any CPU
		{59B0937C-D5D5-4B0A-9642-67301C42EAC3}.Release|iPhoneSimulator.Build.0 = Release|Any CPU
		{59B0937C-D5D5-4B0A-9642-67301C42EAC3}.Release|x64.ActiveCfg = Release|Any CPU
		{59B0937C-D5D5-4B0A-9642-67301C42EAC3}.Release|x64.Build.0 = Release|Any CPU
		{59B0937C-D5D5-4B0A-9642-67301C42EAC3}.Release|x86.ActiveCfg = Release|Any CPU
		{59B0937C-D5D5-4B0A-9642-67301C42EAC3}.Release|x86.Build.0 = Release|Any CPU
		{6E4720CA-4F4A-47E0-A99A-74357DF070F1}.Ad-Hoc|Any CPU.ActiveCfg = Release|Any CPU
		{6E4720CA-4F4A-47E0-A99A-74357DF070F1}.Ad-Hoc|Any CPU.Build.0 = Release|Any CPU
		{6E4720CA-4F4A-47E0-A99A-74357DF070F1}.Ad-Hoc|ARM.ActiveCfg = Release|Any CPU
		{6E4720CA-4F4A-47E0-A99A-74357DF070F1}.Ad-Hoc|ARM.Build.0 = Release|Any CPU
		{6E4720CA-4F4A-47E0-A99A-74357DF070F1}.Ad-Hoc|iPhone.ActiveCfg = Release|Any CPU
		{6E4720CA-4F4A-47E0-A99A-74357DF070F1}.Ad-Hoc|iPhone.Build.0 = Release|Any CPU
		{6E4720CA-4F4A-47E0-A99A-74357DF070F1}.Ad-Hoc|iPhoneSimulator.ActiveCfg = Release|Any CPU
		{6E4720CA-4F4A-47E0-A99A-74357DF070F1}.Ad-Hoc|iPhoneSimulator.Build.0 = Release|Any CPU
		{6E4720CA-4F4A-47E0-A99A-74357DF070F1}.Ad-Hoc|x64.ActiveCfg = Release|Any CPU
		{6E4720CA-4F4A-47E0-A99A-74357DF070F1}.Ad-Hoc|x64.Build.0 = Release|Any CPU
		{6E4720CA-4F4A-47E0-A99A-74357DF070F1}.Ad-Hoc|x86.ActiveCfg = Release|Any CPU
		{6E4720CA-4F4A-47E0-A99A-74357DF070F1}.Ad-Hoc|x86.Build.0 = Release|Any CPU
		{6E4720CA-4F4A-47E0-A99A-74357DF070F1}.AppStore|Any CPU.ActiveCfg = Release|Any CPU
		{6E4720CA-4F4A-47E0-A99A-74357DF070F1}.AppStore|Any CPU.Build.0 = Release|Any CPU
		{6E4720CA-4F4A-47E0-A99A-74357DF070F1}.AppStore|ARM.ActiveCfg = Release|Any CPU
		{6E4720CA-4F4A-47E0-A99A-74357DF070F1}.AppStore|ARM.Build.0 = Release|Any CPU
		{6E4720CA-4F4A-47E0-A99A-74357DF070F1}.AppStore|iPhone.ActiveCfg = Release|Any CPU
		{6E4720CA-4F4A-47E0-A99A-74357DF070F1}.AppStore|iPhone.Build.0 = Release|Any CPU
		{6E4720CA-4F4A-47E0-A99A-74357DF070F1}.AppStore|iPhoneSimulator.ActiveCfg = Release|Any CPU
		{6E4720CA-4F4A-47E0-A99A-74357DF070F1}.AppStore|iPhoneSimulator.Build.0 = Release|Any CPU
		{6E4720CA-4F4A-47E0-A99A-74357DF070F1}.AppStore|x64.ActiveCfg = Release|Any CPU
		{6E4720CA-4F4A-47E0-A99A-74357DF070F1}.AppStore|x64.Build.0 = Release|Any CPU
		{6E4720CA-4F4A-47E0-A99A-74357DF070F1}.AppStore|x86.ActiveCfg = Release|Any CPU
		{6E4720CA-4F4A-47E0-A99A-74357DF070F1}.AppStore|x86.Build.0 = Release|Any CPU
		{6E4720CA-4F4A-47E0-A99A-74357DF070F1}.Debug|Any CPU.ActiveCfg = Debug|Any CPU
		{6E4720CA-4F4A-47E0-A99A-74357DF070F1}.Debug|Any CPU.Build.0 = Debug|Any CPU
		{6E4720CA-4F4A-47E0-A99A-74357DF070F1}.Debug|ARM.ActiveCfg = Debug|Any CPU
		{6E4720CA-4F4A-47E0-A99A-74357DF070F1}.Debug|ARM.Build.0 = Debug|Any CPU
		{6E4720CA-4F4A-47E0-A99A-74357DF070F1}.Debug|iPhone.ActiveCfg = Debug|Any CPU
		{6E4720CA-4F4A-47E0-A99A-74357DF070F1}.Debug|iPhone.Build.0 = Debug|Any CPU
		{6E4720CA-4F4A-47E0-A99A-74357DF070F1}.Debug|iPhoneSimulator.ActiveCfg = Debug|Any CPU
		{6E4720CA-4F4A-47E0-A99A-74357DF070F1}.Debug|iPhoneSimulator.Build.0 = Debug|Any CPU
		{6E4720CA-4F4A-47E0-A99A-74357DF070F1}.Debug|x64.ActiveCfg = Debug|Any CPU
		{6E4720CA-4F4A-47E0-A99A-74357DF070F1}.Debug|x64.Build.0 = Debug|Any CPU
		{6E4720CA-4F4A-47E0-A99A-74357DF070F1}.Debug|x86.ActiveCfg = Debug|Any CPU
		{6E4720CA-4F4A-47E0-A99A-74357DF070F1}.Debug|x86.Build.0 = Debug|Any CPU
		{6E4720CA-4F4A-47E0-A99A-74357DF070F1}.Release|Any CPU.ActiveCfg = Release|Any CPU
		{6E4720CA-4F4A-47E0-A99A-74357DF070F1}.Release|Any CPU.Build.0 = Release|Any CPU
		{6E4720CA-4F4A-47E0-A99A-74357DF070F1}.Release|ARM.ActiveCfg = Release|Any CPU
		{6E4720CA-4F4A-47E0-A99A-74357DF070F1}.Release|ARM.Build.0 = Release|Any CPU
		{6E4720CA-4F4A-47E0-A99A-74357DF070F1}.Release|iPhone.ActiveCfg = Release|Any CPU
		{6E4720CA-4F4A-47E0-A99A-74357DF070F1}.Release|iPhone.Build.0 = Release|Any CPU
		{6E4720CA-4F4A-47E0-A99A-74357DF070F1}.Release|iPhoneSimulator.ActiveCfg = Release|Any CPU
		{6E4720CA-4F4A-47E0-A99A-74357DF070F1}.Release|iPhoneSimulator.Build.0 = Release|Any CPU
		{6E4720CA-4F4A-47E0-A99A-74357DF070F1}.Release|x64.ActiveCfg = Release|Any CPU
		{6E4720CA-4F4A-47E0-A99A-74357DF070F1}.Release|x64.Build.0 = Release|Any CPU
		{6E4720CA-4F4A-47E0-A99A-74357DF070F1}.Release|x86.ActiveCfg = Release|Any CPU
		{6E4720CA-4F4A-47E0-A99A-74357DF070F1}.Release|x86.Build.0 = Release|Any CPU
		{67FD0389-3CE8-4568-8EAE-7BE2FB23BD72}.Ad-Hoc|Any CPU.ActiveCfg = Release|Any CPU
		{67FD0389-3CE8-4568-8EAE-7BE2FB23BD72}.Ad-Hoc|Any CPU.Build.0 = Release|Any CPU
		{67FD0389-3CE8-4568-8EAE-7BE2FB23BD72}.Ad-Hoc|ARM.ActiveCfg = Release|Any CPU
		{67FD0389-3CE8-4568-8EAE-7BE2FB23BD72}.Ad-Hoc|ARM.Build.0 = Release|Any CPU
		{67FD0389-3CE8-4568-8EAE-7BE2FB23BD72}.Ad-Hoc|iPhone.ActiveCfg = Release|Any CPU
		{67FD0389-3CE8-4568-8EAE-7BE2FB23BD72}.Ad-Hoc|iPhone.Build.0 = Release|Any CPU
		{67FD0389-3CE8-4568-8EAE-7BE2FB23BD72}.Ad-Hoc|iPhoneSimulator.ActiveCfg = Release|Any CPU
		{67FD0389-3CE8-4568-8EAE-7BE2FB23BD72}.Ad-Hoc|iPhoneSimulator.Build.0 = Release|Any CPU
		{67FD0389-3CE8-4568-8EAE-7BE2FB23BD72}.Ad-Hoc|x64.ActiveCfg = Release|Any CPU
		{67FD0389-3CE8-4568-8EAE-7BE2FB23BD72}.Ad-Hoc|x64.Build.0 = Release|Any CPU
		{67FD0389-3CE8-4568-8EAE-7BE2FB23BD72}.Ad-Hoc|x86.ActiveCfg = Release|Any CPU
		{67FD0389-3CE8-4568-8EAE-7BE2FB23BD72}.Ad-Hoc|x86.Build.0 = Release|Any CPU
		{67FD0389-3CE8-4568-8EAE-7BE2FB23BD72}.AppStore|Any CPU.ActiveCfg = Release|Any CPU
		{67FD0389-3CE8-4568-8EAE-7BE2FB23BD72}.AppStore|Any CPU.Build.0 = Release|Any CPU
		{67FD0389-3CE8-4568-8EAE-7BE2FB23BD72}.AppStore|ARM.ActiveCfg = Release|Any CPU
		{67FD0389-3CE8-4568-8EAE-7BE2FB23BD72}.AppStore|ARM.Build.0 = Release|Any CPU
		{67FD0389-3CE8-4568-8EAE-7BE2FB23BD72}.AppStore|iPhone.ActiveCfg = Release|Any CPU
		{67FD0389-3CE8-4568-8EAE-7BE2FB23BD72}.AppStore|iPhone.Build.0 = Release|Any CPU
		{67FD0389-3CE8-4568-8EAE-7BE2FB23BD72}.AppStore|iPhoneSimulator.ActiveCfg = Release|Any CPU
		{67FD0389-3CE8-4568-8EAE-7BE2FB23BD72}.AppStore|iPhoneSimulator.Build.0 = Release|Any CPU
		{67FD0389-3CE8-4568-8EAE-7BE2FB23BD72}.AppStore|x64.ActiveCfg = Release|Any CPU
		{67FD0389-3CE8-4568-8EAE-7BE2FB23BD72}.AppStore|x64.Build.0 = Release|Any CPU
		{67FD0389-3CE8-4568-8EAE-7BE2FB23BD72}.AppStore|x86.ActiveCfg = Release|Any CPU
		{67FD0389-3CE8-4568-8EAE-7BE2FB23BD72}.AppStore|x86.Build.0 = Release|Any CPU
		{67FD0389-3CE8-4568-8EAE-7BE2FB23BD72}.Debug|Any CPU.ActiveCfg = Debug|Any CPU
		{67FD0389-3CE8-4568-8EAE-7BE2FB23BD72}.Debug|Any CPU.Build.0 = Debug|Any CPU
		{67FD0389-3CE8-4568-8EAE-7BE2FB23BD72}.Debug|ARM.ActiveCfg = Debug|Any CPU
		{67FD0389-3CE8-4568-8EAE-7BE2FB23BD72}.Debug|ARM.Build.0 = Debug|Any CPU
		{67FD0389-3CE8-4568-8EAE-7BE2FB23BD72}.Debug|iPhone.ActiveCfg = Debug|Any CPU
		{67FD0389-3CE8-4568-8EAE-7BE2FB23BD72}.Debug|iPhone.Build.0 = Debug|Any CPU
		{67FD0389-3CE8-4568-8EAE-7BE2FB23BD72}.Debug|iPhoneSimulator.ActiveCfg = Debug|Any CPU
		{67FD0389-3CE8-4568-8EAE-7BE2FB23BD72}.Debug|iPhoneSimulator.Build.0 = Debug|Any CPU
		{67FD0389-3CE8-4568-8EAE-7BE2FB23BD72}.Debug|x64.ActiveCfg = Debug|Any CPU
		{67FD0389-3CE8-4568-8EAE-7BE2FB23BD72}.Debug|x64.Build.0 = Debug|Any CPU
		{67FD0389-3CE8-4568-8EAE-7BE2FB23BD72}.Debug|x86.ActiveCfg = Debug|Any CPU
		{67FD0389-3CE8-4568-8EAE-7BE2FB23BD72}.Debug|x86.Build.0 = Debug|Any CPU
		{67FD0389-3CE8-4568-8EAE-7BE2FB23BD72}.Release|Any CPU.ActiveCfg = Release|Any CPU
		{67FD0389-3CE8-4568-8EAE-7BE2FB23BD72}.Release|Any CPU.Build.0 = Release|Any CPU
		{67FD0389-3CE8-4568-8EAE-7BE2FB23BD72}.Release|ARM.ActiveCfg = Release|Any CPU
		{67FD0389-3CE8-4568-8EAE-7BE2FB23BD72}.Release|ARM.Build.0 = Release|Any CPU
		{67FD0389-3CE8-4568-8EAE-7BE2FB23BD72}.Release|iPhone.ActiveCfg = Release|Any CPU
		{67FD0389-3CE8-4568-8EAE-7BE2FB23BD72}.Release|iPhone.Build.0 = Release|Any CPU
		{67FD0389-3CE8-4568-8EAE-7BE2FB23BD72}.Release|iPhoneSimulator.ActiveCfg = Release|Any CPU
		{67FD0389-3CE8-4568-8EAE-7BE2FB23BD72}.Release|iPhoneSimulator.Build.0 = Release|Any CPU
		{67FD0389-3CE8-4568-8EAE-7BE2FB23BD72}.Release|x64.ActiveCfg = Release|Any CPU
		{67FD0389-3CE8-4568-8EAE-7BE2FB23BD72}.Release|x64.Build.0 = Release|Any CPU
		{67FD0389-3CE8-4568-8EAE-7BE2FB23BD72}.Release|x86.ActiveCfg = Release|Any CPU
		{67FD0389-3CE8-4568-8EAE-7BE2FB23BD72}.Release|x86.Build.0 = Release|Any CPU
		{D47054C7-BA1E-4618-AE39-1D187DECA9F9}.Ad-Hoc|Any CPU.ActiveCfg = Release|Any CPU
		{D47054C7-BA1E-4618-AE39-1D187DECA9F9}.Ad-Hoc|Any CPU.Build.0 = Release|Any CPU
		{D47054C7-BA1E-4618-AE39-1D187DECA9F9}.Ad-Hoc|ARM.ActiveCfg = Release|Any CPU
		{D47054C7-BA1E-4618-AE39-1D187DECA9F9}.Ad-Hoc|ARM.Build.0 = Release|Any CPU
		{D47054C7-BA1E-4618-AE39-1D187DECA9F9}.Ad-Hoc|iPhone.ActiveCfg = Release|Any CPU
		{D47054C7-BA1E-4618-AE39-1D187DECA9F9}.Ad-Hoc|iPhone.Build.0 = Release|Any CPU
		{D47054C7-BA1E-4618-AE39-1D187DECA9F9}.Ad-Hoc|iPhoneSimulator.ActiveCfg = Release|Any CPU
		{D47054C7-BA1E-4618-AE39-1D187DECA9F9}.Ad-Hoc|iPhoneSimulator.Build.0 = Release|Any CPU
		{D47054C7-BA1E-4618-AE39-1D187DECA9F9}.Ad-Hoc|x64.ActiveCfg = Release|Any CPU
		{D47054C7-BA1E-4618-AE39-1D187DECA9F9}.Ad-Hoc|x64.Build.0 = Release|Any CPU
		{D47054C7-BA1E-4618-AE39-1D187DECA9F9}.Ad-Hoc|x86.ActiveCfg = Release|Any CPU
		{D47054C7-BA1E-4618-AE39-1D187DECA9F9}.Ad-Hoc|x86.Build.0 = Release|Any CPU
		{D47054C7-BA1E-4618-AE39-1D187DECA9F9}.AppStore|Any CPU.ActiveCfg = Release|Any CPU
		{D47054C7-BA1E-4618-AE39-1D187DECA9F9}.AppStore|Any CPU.Build.0 = Release|Any CPU
		{D47054C7-BA1E-4618-AE39-1D187DECA9F9}.AppStore|ARM.ActiveCfg = Release|Any CPU
		{D47054C7-BA1E-4618-AE39-1D187DECA9F9}.AppStore|ARM.Build.0 = Release|Any CPU
		{D47054C7-BA1E-4618-AE39-1D187DECA9F9}.AppStore|iPhone.ActiveCfg = Release|Any CPU
		{D47054C7-BA1E-4618-AE39-1D187DECA9F9}.AppStore|iPhone.Build.0 = Release|Any CPU
		{D47054C7-BA1E-4618-AE39-1D187DECA9F9}.AppStore|iPhoneSimulator.ActiveCfg = Release|Any CPU
		{D47054C7-BA1E-4618-AE39-1D187DECA9F9}.AppStore|iPhoneSimulator.Build.0 = Release|Any CPU
		{D47054C7-BA1E-4618-AE39-1D187DECA9F9}.AppStore|x64.ActiveCfg = Release|Any CPU
		{D47054C7-BA1E-4618-AE39-1D187DECA9F9}.AppStore|x64.Build.0 = Release|Any CPU
		{D47054C7-BA1E-4618-AE39-1D187DECA9F9}.AppStore|x86.ActiveCfg = Release|Any CPU
		{D47054C7-BA1E-4618-AE39-1D187DECA9F9}.AppStore|x86.Build.0 = Release|Any CPU
		{D47054C7-BA1E-4618-AE39-1D187DECA9F9}.Debug|Any CPU.ActiveCfg = Debug|Any CPU
		{D47054C7-BA1E-4618-AE39-1D187DECA9F9}.Debug|Any CPU.Build.0 = Debug|Any CPU
		{D47054C7-BA1E-4618-AE39-1D187DECA9F9}.Debug|ARM.ActiveCfg = Debug|Any CPU
		{D47054C7-BA1E-4618-AE39-1D187DECA9F9}.Debug|ARM.Build.0 = Debug|Any CPU
		{D47054C7-BA1E-4618-AE39-1D187DECA9F9}.Debug|iPhone.ActiveCfg = Debug|Any CPU
		{D47054C7-BA1E-4618-AE39-1D187DECA9F9}.Debug|iPhone.Build.0 = Debug|Any CPU
		{D47054C7-BA1E-4618-AE39-1D187DECA9F9}.Debug|iPhoneSimulator.ActiveCfg = Debug|Any CPU
		{D47054C7-BA1E-4618-AE39-1D187DECA9F9}.Debug|iPhoneSimulator.Build.0 = Debug|Any CPU
		{D47054C7-BA1E-4618-AE39-1D187DECA9F9}.Debug|x64.ActiveCfg = Debug|Any CPU
		{D47054C7-BA1E-4618-AE39-1D187DECA9F9}.Debug|x64.Build.0 = Debug|Any CPU
		{D47054C7-BA1E-4618-AE39-1D187DECA9F9}.Debug|x86.ActiveCfg = Debug|Any CPU
		{D47054C7-BA1E-4618-AE39-1D187DECA9F9}.Debug|x86.Build.0 = Debug|Any CPU
		{D47054C7-BA1E-4618-AE39-1D187DECA9F9}.Release|Any CPU.ActiveCfg = Release|Any CPU
		{D47054C7-BA1E-4618-AE39-1D187DECA9F9}.Release|Any CPU.Build.0 = Release|Any CPU
		{D47054C7-BA1E-4618-AE39-1D187DECA9F9}.Release|ARM.ActiveCfg = Release|Any CPU
		{D47054C7-BA1E-4618-AE39-1D187DECA9F9}.Release|ARM.Build.0 = Release|Any CPU
		{D47054C7-BA1E-4618-AE39-1D187DECA9F9}.Release|iPhone.ActiveCfg = Release|Any CPU
		{D47054C7-BA1E-4618-AE39-1D187DECA9F9}.Release|iPhone.Build.0 = Release|Any CPU
		{D47054C7-BA1E-4618-AE39-1D187DECA9F9}.Release|iPhoneSimulator.ActiveCfg = Release|Any CPU
		{D47054C7-BA1E-4618-AE39-1D187DECA9F9}.Release|iPhoneSimulator.Build.0 = Release|Any CPU
		{D47054C7-BA1E-4618-AE39-1D187DECA9F9}.Release|x64.ActiveCfg = Release|Any CPU
		{D47054C7-BA1E-4618-AE39-1D187DECA9F9}.Release|x64.Build.0 = Release|Any CPU
		{D47054C7-BA1E-4618-AE39-1D187DECA9F9}.Release|x86.ActiveCfg = Release|Any CPU
		{D47054C7-BA1E-4618-AE39-1D187DECA9F9}.Release|x86.Build.0 = Release|Any CPU
		{73AD206F-0A72-4F1C-9894-191858A77807}.Ad-Hoc|Any CPU.ActiveCfg = Release|Any CPU
		{73AD206F-0A72-4F1C-9894-191858A77807}.Ad-Hoc|Any CPU.Build.0 = Release|Any CPU
		{73AD206F-0A72-4F1C-9894-191858A77807}.Ad-Hoc|ARM.ActiveCfg = Release|Any CPU
		{73AD206F-0A72-4F1C-9894-191858A77807}.Ad-Hoc|ARM.Build.0 = Release|Any CPU
		{73AD206F-0A72-4F1C-9894-191858A77807}.Ad-Hoc|iPhone.ActiveCfg = Release|Any CPU
		{73AD206F-0A72-4F1C-9894-191858A77807}.Ad-Hoc|iPhone.Build.0 = Release|Any CPU
		{73AD206F-0A72-4F1C-9894-191858A77807}.Ad-Hoc|iPhoneSimulator.ActiveCfg = Release|Any CPU
		{73AD206F-0A72-4F1C-9894-191858A77807}.Ad-Hoc|iPhoneSimulator.Build.0 = Release|Any CPU
		{73AD206F-0A72-4F1C-9894-191858A77807}.Ad-Hoc|x64.ActiveCfg = Release|Any CPU
		{73AD206F-0A72-4F1C-9894-191858A77807}.Ad-Hoc|x64.Build.0 = Release|Any CPU
		{73AD206F-0A72-4F1C-9894-191858A77807}.Ad-Hoc|x86.ActiveCfg = Release|Any CPU
		{73AD206F-0A72-4F1C-9894-191858A77807}.Ad-Hoc|x86.Build.0 = Release|Any CPU
		{73AD206F-0A72-4F1C-9894-191858A77807}.AppStore|Any CPU.ActiveCfg = Release|Any CPU
		{73AD206F-0A72-4F1C-9894-191858A77807}.AppStore|Any CPU.Build.0 = Release|Any CPU
		{73AD206F-0A72-4F1C-9894-191858A77807}.AppStore|ARM.ActiveCfg = Release|Any CPU
		{73AD206F-0A72-4F1C-9894-191858A77807}.AppStore|ARM.Build.0 = Release|Any CPU
		{73AD206F-0A72-4F1C-9894-191858A77807}.AppStore|iPhone.ActiveCfg = Release|Any CPU
		{73AD206F-0A72-4F1C-9894-191858A77807}.AppStore|iPhone.Build.0 = Release|Any CPU
		{73AD206F-0A72-4F1C-9894-191858A77807}.AppStore|iPhoneSimulator.ActiveCfg = Release|Any CPU
		{73AD206F-0A72-4F1C-9894-191858A77807}.AppStore|iPhoneSimulator.Build.0 = Release|Any CPU
		{73AD206F-0A72-4F1C-9894-191858A77807}.AppStore|x64.ActiveCfg = Release|Any CPU
		{73AD206F-0A72-4F1C-9894-191858A77807}.AppStore|x64.Build.0 = Release|Any CPU
		{73AD206F-0A72-4F1C-9894-191858A77807}.AppStore|x86.ActiveCfg = Release|Any CPU
		{73AD206F-0A72-4F1C-9894-191858A77807}.AppStore|x86.Build.0 = Release|Any CPU
		{73AD206F-0A72-4F1C-9894-191858A77807}.Debug|Any CPU.ActiveCfg = Debug|Any CPU
		{73AD206F-0A72-4F1C-9894-191858A77807}.Debug|Any CPU.Build.0 = Debug|Any CPU
		{73AD206F-0A72-4F1C-9894-191858A77807}.Debug|ARM.ActiveCfg = Debug|Any CPU
		{73AD206F-0A72-4F1C-9894-191858A77807}.Debug|ARM.Build.0 = Debug|Any CPU
		{73AD206F-0A72-4F1C-9894-191858A77807}.Debug|iPhone.ActiveCfg = Debug|Any CPU
		{73AD206F-0A72-4F1C-9894-191858A77807}.Debug|iPhone.Build.0 = Debug|Any CPU
		{73AD206F-0A72-4F1C-9894-191858A77807}.Debug|iPhoneSimulator.ActiveCfg = Debug|Any CPU
		{73AD206F-0A72-4F1C-9894-191858A77807}.Debug|iPhoneSimulator.Build.0 = Debug|Any CPU
		{73AD206F-0A72-4F1C-9894-191858A77807}.Debug|x64.ActiveCfg = Debug|Any CPU
		{73AD206F-0A72-4F1C-9894-191858A77807}.Debug|x64.Build.0 = Debug|Any CPU
		{73AD206F-0A72-4F1C-9894-191858A77807}.Debug|x86.ActiveCfg = Debug|Any CPU
		{73AD206F-0A72-4F1C-9894-191858A77807}.Debug|x86.Build.0 = Debug|Any CPU
		{73AD206F-0A72-4F1C-9894-191858A77807}.Release|Any CPU.ActiveCfg = Release|Any CPU
		{73AD206F-0A72-4F1C-9894-191858A77807}.Release|Any CPU.Build.0 = Release|Any CPU
		{73AD206F-0A72-4F1C-9894-191858A77807}.Release|ARM.ActiveCfg = Release|Any CPU
		{73AD206F-0A72-4F1C-9894-191858A77807}.Release|ARM.Build.0 = Release|Any CPU
		{73AD206F-0A72-4F1C-9894-191858A77807}.Release|iPhone.ActiveCfg = Release|Any CPU
		{73AD206F-0A72-4F1C-9894-191858A77807}.Release|iPhone.Build.0 = Release|Any CPU
		{73AD206F-0A72-4F1C-9894-191858A77807}.Release|iPhoneSimulator.ActiveCfg = Release|Any CPU
		{73AD206F-0A72-4F1C-9894-191858A77807}.Release|iPhoneSimulator.Build.0 = Release|Any CPU
		{73AD206F-0A72-4F1C-9894-191858A77807}.Release|x64.ActiveCfg = Release|Any CPU
		{73AD206F-0A72-4F1C-9894-191858A77807}.Release|x64.Build.0 = Release|Any CPU
		{73AD206F-0A72-4F1C-9894-191858A77807}.Release|x86.ActiveCfg = Release|Any CPU
		{73AD206F-0A72-4F1C-9894-191858A77807}.Release|x86.Build.0 = Release|Any CPU
		{38BFCAED-448F-4B75-BA04-AB1877AB8D2F}.Ad-Hoc|Any CPU.ActiveCfg = Release|Any CPU
		{38BFCAED-448F-4B75-BA04-AB1877AB8D2F}.Ad-Hoc|Any CPU.Build.0 = Release|Any CPU
		{38BFCAED-448F-4B75-BA04-AB1877AB8D2F}.Ad-Hoc|Any CPU.Deploy.0 = Release|Any CPU
		{38BFCAED-448F-4B75-BA04-AB1877AB8D2F}.Ad-Hoc|ARM.ActiveCfg = Release|Any CPU
		{38BFCAED-448F-4B75-BA04-AB1877AB8D2F}.Ad-Hoc|ARM.Build.0 = Release|Any CPU
		{38BFCAED-448F-4B75-BA04-AB1877AB8D2F}.Ad-Hoc|ARM.Deploy.0 = Release|Any CPU
		{38BFCAED-448F-4B75-BA04-AB1877AB8D2F}.Ad-Hoc|iPhone.ActiveCfg = Release|Any CPU
		{38BFCAED-448F-4B75-BA04-AB1877AB8D2F}.Ad-Hoc|iPhone.Build.0 = Release|Any CPU
		{38BFCAED-448F-4B75-BA04-AB1877AB8D2F}.Ad-Hoc|iPhone.Deploy.0 = Release|Any CPU
		{38BFCAED-448F-4B75-BA04-AB1877AB8D2F}.Ad-Hoc|iPhoneSimulator.ActiveCfg = Release|Any CPU
		{38BFCAED-448F-4B75-BA04-AB1877AB8D2F}.Ad-Hoc|iPhoneSimulator.Build.0 = Release|Any CPU
		{38BFCAED-448F-4B75-BA04-AB1877AB8D2F}.Ad-Hoc|iPhoneSimulator.Deploy.0 = Release|Any CPU
		{38BFCAED-448F-4B75-BA04-AB1877AB8D2F}.Ad-Hoc|x64.ActiveCfg = Release|Any CPU
		{38BFCAED-448F-4B75-BA04-AB1877AB8D2F}.Ad-Hoc|x64.Build.0 = Release|Any CPU
		{38BFCAED-448F-4B75-BA04-AB1877AB8D2F}.Ad-Hoc|x64.Deploy.0 = Release|Any CPU
		{38BFCAED-448F-4B75-BA04-AB1877AB8D2F}.Ad-Hoc|x86.ActiveCfg = Release|Any CPU
		{38BFCAED-448F-4B75-BA04-AB1877AB8D2F}.Ad-Hoc|x86.Build.0 = Release|Any CPU
		{38BFCAED-448F-4B75-BA04-AB1877AB8D2F}.Ad-Hoc|x86.Deploy.0 = Release|Any CPU
		{38BFCAED-448F-4B75-BA04-AB1877AB8D2F}.AppStore|Any CPU.ActiveCfg = Release|Any CPU
		{38BFCAED-448F-4B75-BA04-AB1877AB8D2F}.AppStore|Any CPU.Build.0 = Release|Any CPU
		{38BFCAED-448F-4B75-BA04-AB1877AB8D2F}.AppStore|Any CPU.Deploy.0 = Release|Any CPU
		{38BFCAED-448F-4B75-BA04-AB1877AB8D2F}.AppStore|ARM.ActiveCfg = Release|Any CPU
		{38BFCAED-448F-4B75-BA04-AB1877AB8D2F}.AppStore|ARM.Build.0 = Release|Any CPU
		{38BFCAED-448F-4B75-BA04-AB1877AB8D2F}.AppStore|ARM.Deploy.0 = Release|Any CPU
		{38BFCAED-448F-4B75-BA04-AB1877AB8D2F}.AppStore|iPhone.ActiveCfg = Release|Any CPU
		{38BFCAED-448F-4B75-BA04-AB1877AB8D2F}.AppStore|iPhone.Build.0 = Release|Any CPU
		{38BFCAED-448F-4B75-BA04-AB1877AB8D2F}.AppStore|iPhone.Deploy.0 = Release|Any CPU
		{38BFCAED-448F-4B75-BA04-AB1877AB8D2F}.AppStore|iPhoneSimulator.ActiveCfg = Release|Any CPU
		{38BFCAED-448F-4B75-BA04-AB1877AB8D2F}.AppStore|iPhoneSimulator.Build.0 = Release|Any CPU
		{38BFCAED-448F-4B75-BA04-AB1877AB8D2F}.AppStore|iPhoneSimulator.Deploy.0 = Release|Any CPU
		{38BFCAED-448F-4B75-BA04-AB1877AB8D2F}.AppStore|x64.ActiveCfg = Release|Any CPU
		{38BFCAED-448F-4B75-BA04-AB1877AB8D2F}.AppStore|x64.Build.0 = Release|Any CPU
		{38BFCAED-448F-4B75-BA04-AB1877AB8D2F}.AppStore|x64.Deploy.0 = Release|Any CPU
		{38BFCAED-448F-4B75-BA04-AB1877AB8D2F}.AppStore|x86.ActiveCfg = Release|Any CPU
		{38BFCAED-448F-4B75-BA04-AB1877AB8D2F}.AppStore|x86.Build.0 = Release|Any CPU
		{38BFCAED-448F-4B75-BA04-AB1877AB8D2F}.AppStore|x86.Deploy.0 = Release|Any CPU
		{38BFCAED-448F-4B75-BA04-AB1877AB8D2F}.Debug|Any CPU.ActiveCfg = Debug|Any CPU
		{38BFCAED-448F-4B75-BA04-AB1877AB8D2F}.Debug|Any CPU.Build.0 = Debug|Any CPU
		{38BFCAED-448F-4B75-BA04-AB1877AB8D2F}.Debug|Any CPU.Deploy.0 = Debug|Any CPU
		{38BFCAED-448F-4B75-BA04-AB1877AB8D2F}.Debug|ARM.ActiveCfg = Debug|Any CPU
		{38BFCAED-448F-4B75-BA04-AB1877AB8D2F}.Debug|ARM.Build.0 = Debug|Any CPU
		{38BFCAED-448F-4B75-BA04-AB1877AB8D2F}.Debug|ARM.Deploy.0 = Debug|Any CPU
		{38BFCAED-448F-4B75-BA04-AB1877AB8D2F}.Debug|iPhone.ActiveCfg = Debug|Any CPU
		{38BFCAED-448F-4B75-BA04-AB1877AB8D2F}.Debug|iPhone.Build.0 = Debug|Any CPU
		{38BFCAED-448F-4B75-BA04-AB1877AB8D2F}.Debug|iPhone.Deploy.0 = Debug|Any CPU
		{38BFCAED-448F-4B75-BA04-AB1877AB8D2F}.Debug|iPhoneSimulator.ActiveCfg = Debug|Any CPU
		{38BFCAED-448F-4B75-BA04-AB1877AB8D2F}.Debug|iPhoneSimulator.Build.0 = Debug|Any CPU
		{38BFCAED-448F-4B75-BA04-AB1877AB8D2F}.Debug|iPhoneSimulator.Deploy.0 = Debug|Any CPU
		{38BFCAED-448F-4B75-BA04-AB1877AB8D2F}.Debug|x64.ActiveCfg = Debug|Any CPU
		{38BFCAED-448F-4B75-BA04-AB1877AB8D2F}.Debug|x64.Build.0 = Debug|Any CPU
		{38BFCAED-448F-4B75-BA04-AB1877AB8D2F}.Debug|x64.Deploy.0 = Debug|Any CPU
		{38BFCAED-448F-4B75-BA04-AB1877AB8D2F}.Debug|x86.ActiveCfg = Debug|Any CPU
		{38BFCAED-448F-4B75-BA04-AB1877AB8D2F}.Debug|x86.Build.0 = Debug|Any CPU
		{38BFCAED-448F-4B75-BA04-AB1877AB8D2F}.Debug|x86.Deploy.0 = Debug|Any CPU
		{38BFCAED-448F-4B75-BA04-AB1877AB8D2F}.Release|Any CPU.ActiveCfg = Release|Any CPU
		{38BFCAED-448F-4B75-BA04-AB1877AB8D2F}.Release|Any CPU.Build.0 = Release|Any CPU
		{38BFCAED-448F-4B75-BA04-AB1877AB8D2F}.Release|Any CPU.Deploy.0 = Release|Any CPU
		{38BFCAED-448F-4B75-BA04-AB1877AB8D2F}.Release|ARM.ActiveCfg = Release|Any CPU
		{38BFCAED-448F-4B75-BA04-AB1877AB8D2F}.Release|ARM.Build.0 = Release|Any CPU
		{38BFCAED-448F-4B75-BA04-AB1877AB8D2F}.Release|ARM.Deploy.0 = Release|Any CPU
		{38BFCAED-448F-4B75-BA04-AB1877AB8D2F}.Release|iPhone.ActiveCfg = Release|Any CPU
		{38BFCAED-448F-4B75-BA04-AB1877AB8D2F}.Release|iPhone.Build.0 = Release|Any CPU
		{38BFCAED-448F-4B75-BA04-AB1877AB8D2F}.Release|iPhone.Deploy.0 = Release|Any CPU
		{38BFCAED-448F-4B75-BA04-AB1877AB8D2F}.Release|iPhoneSimulator.ActiveCfg = Release|Any CPU
		{38BFCAED-448F-4B75-BA04-AB1877AB8D2F}.Release|iPhoneSimulator.Build.0 = Release|Any CPU
		{38BFCAED-448F-4B75-BA04-AB1877AB8D2F}.Release|iPhoneSimulator.Deploy.0 = Release|Any CPU
		{38BFCAED-448F-4B75-BA04-AB1877AB8D2F}.Release|x64.ActiveCfg = Release|Any CPU
		{38BFCAED-448F-4B75-BA04-AB1877AB8D2F}.Release|x64.Build.0 = Release|Any CPU
		{38BFCAED-448F-4B75-BA04-AB1877AB8D2F}.Release|x64.Deploy.0 = Release|Any CPU
		{38BFCAED-448F-4B75-BA04-AB1877AB8D2F}.Release|x86.ActiveCfg = Release|Any CPU
		{38BFCAED-448F-4B75-BA04-AB1877AB8D2F}.Release|x86.Build.0 = Release|Any CPU
		{38BFCAED-448F-4B75-BA04-AB1877AB8D2F}.Release|x86.Deploy.0 = Release|Any CPU
		{A542F324-F3CA-4D97-893D-23DBAD6D58B9}.Ad-Hoc|Any CPU.ActiveCfg = Ad-Hoc|iPhone
		{A542F324-F3CA-4D97-893D-23DBAD6D58B9}.Ad-Hoc|ARM.ActiveCfg = Ad-Hoc|iPhone
		{A542F324-F3CA-4D97-893D-23DBAD6D58B9}.Ad-Hoc|iPhone.ActiveCfg = Ad-Hoc|iPhone
		{A542F324-F3CA-4D97-893D-23DBAD6D58B9}.Ad-Hoc|iPhone.Build.0 = Ad-Hoc|iPhone
		{A542F324-F3CA-4D97-893D-23DBAD6D58B9}.Ad-Hoc|iPhoneSimulator.ActiveCfg = Ad-Hoc|iPhoneSimulator
		{A542F324-F3CA-4D97-893D-23DBAD6D58B9}.Ad-Hoc|iPhoneSimulator.Build.0 = Ad-Hoc|iPhoneSimulator
		{A542F324-F3CA-4D97-893D-23DBAD6D58B9}.Ad-Hoc|x64.ActiveCfg = Ad-Hoc|iPhone
		{A542F324-F3CA-4D97-893D-23DBAD6D58B9}.Ad-Hoc|x86.ActiveCfg = Ad-Hoc|iPhone
		{A542F324-F3CA-4D97-893D-23DBAD6D58B9}.AppStore|Any CPU.ActiveCfg = AppStore|iPhone
		{A542F324-F3CA-4D97-893D-23DBAD6D58B9}.AppStore|ARM.ActiveCfg = AppStore|iPhone
		{A542F324-F3CA-4D97-893D-23DBAD6D58B9}.AppStore|iPhone.ActiveCfg = AppStore|iPhone
		{A542F324-F3CA-4D97-893D-23DBAD6D58B9}.AppStore|iPhone.Build.0 = AppStore|iPhone
		{A542F324-F3CA-4D97-893D-23DBAD6D58B9}.AppStore|iPhoneSimulator.ActiveCfg = AppStore|iPhoneSimulator
		{A542F324-F3CA-4D97-893D-23DBAD6D58B9}.AppStore|iPhoneSimulator.Build.0 = AppStore|iPhoneSimulator
		{A542F324-F3CA-4D97-893D-23DBAD6D58B9}.AppStore|x64.ActiveCfg = AppStore|iPhone
		{A542F324-F3CA-4D97-893D-23DBAD6D58B9}.AppStore|x86.ActiveCfg = AppStore|iPhone
		{A542F324-F3CA-4D97-893D-23DBAD6D58B9}.Debug|Any CPU.ActiveCfg = Debug|iPhone
		{A542F324-F3CA-4D97-893D-23DBAD6D58B9}.Debug|ARM.ActiveCfg = Debug|iPhone
		{A542F324-F3CA-4D97-893D-23DBAD6D58B9}.Debug|iPhone.ActiveCfg = Debug|iPhone
		{A542F324-F3CA-4D97-893D-23DBAD6D58B9}.Debug|iPhone.Build.0 = Debug|iPhone
		{A542F324-F3CA-4D97-893D-23DBAD6D58B9}.Debug|iPhoneSimulator.ActiveCfg = Debug|iPhoneSimulator
		{A542F324-F3CA-4D97-893D-23DBAD6D58B9}.Debug|iPhoneSimulator.Build.0 = Debug|iPhoneSimulator
		{A542F324-F3CA-4D97-893D-23DBAD6D58B9}.Debug|x64.ActiveCfg = Debug|iPhone
		{A542F324-F3CA-4D97-893D-23DBAD6D58B9}.Debug|x86.ActiveCfg = Debug|iPhone
		{A542F324-F3CA-4D97-893D-23DBAD6D58B9}.Release|Any CPU.ActiveCfg = Release|iPhone
		{A542F324-F3CA-4D97-893D-23DBAD6D58B9}.Release|ARM.ActiveCfg = Release|iPhone
		{A542F324-F3CA-4D97-893D-23DBAD6D58B9}.Release|iPhone.ActiveCfg = Release|iPhone
		{A542F324-F3CA-4D97-893D-23DBAD6D58B9}.Release|iPhone.Build.0 = Release|iPhone
		{A542F324-F3CA-4D97-893D-23DBAD6D58B9}.Release|iPhoneSimulator.ActiveCfg = Release|iPhoneSimulator
		{A542F324-F3CA-4D97-893D-23DBAD6D58B9}.Release|iPhoneSimulator.Build.0 = Release|iPhoneSimulator
		{A542F324-F3CA-4D97-893D-23DBAD6D58B9}.Release|x64.ActiveCfg = Release|iPhone
		{A542F324-F3CA-4D97-893D-23DBAD6D58B9}.Release|x86.ActiveCfg = Release|iPhone
		{EA98AC4C-BA67-4577-BAFF-B8DD5079A59D}.Ad-Hoc|Any CPU.ActiveCfg = Release|x86
		{EA98AC4C-BA67-4577-BAFF-B8DD5079A59D}.Ad-Hoc|Any CPU.Build.0 = Release|x86
		{EA98AC4C-BA67-4577-BAFF-B8DD5079A59D}.Ad-Hoc|Any CPU.Deploy.0 = Release|x86
		{EA98AC4C-BA67-4577-BAFF-B8DD5079A59D}.Ad-Hoc|ARM.ActiveCfg = Release|ARM
		{EA98AC4C-BA67-4577-BAFF-B8DD5079A59D}.Ad-Hoc|ARM.Build.0 = Release|ARM
		{EA98AC4C-BA67-4577-BAFF-B8DD5079A59D}.Ad-Hoc|ARM.Deploy.0 = Release|ARM
		{EA98AC4C-BA67-4577-BAFF-B8DD5079A59D}.Ad-Hoc|iPhone.ActiveCfg = Release|x86
		{EA98AC4C-BA67-4577-BAFF-B8DD5079A59D}.Ad-Hoc|iPhone.Build.0 = Release|x86
		{EA98AC4C-BA67-4577-BAFF-B8DD5079A59D}.Ad-Hoc|iPhone.Deploy.0 = Release|x86
		{EA98AC4C-BA67-4577-BAFF-B8DD5079A59D}.Ad-Hoc|iPhoneSimulator.ActiveCfg = Release|x86
		{EA98AC4C-BA67-4577-BAFF-B8DD5079A59D}.Ad-Hoc|iPhoneSimulator.Build.0 = Release|x86
		{EA98AC4C-BA67-4577-BAFF-B8DD5079A59D}.Ad-Hoc|iPhoneSimulator.Deploy.0 = Release|x86
		{EA98AC4C-BA67-4577-BAFF-B8DD5079A59D}.Ad-Hoc|x64.ActiveCfg = Release|x64
		{EA98AC4C-BA67-4577-BAFF-B8DD5079A59D}.Ad-Hoc|x64.Build.0 = Release|x64
		{EA98AC4C-BA67-4577-BAFF-B8DD5079A59D}.Ad-Hoc|x64.Deploy.0 = Release|x64
		{EA98AC4C-BA67-4577-BAFF-B8DD5079A59D}.Ad-Hoc|x86.ActiveCfg = Release|x86
		{EA98AC4C-BA67-4577-BAFF-B8DD5079A59D}.Ad-Hoc|x86.Build.0 = Release|x86
		{EA98AC4C-BA67-4577-BAFF-B8DD5079A59D}.Ad-Hoc|x86.Deploy.0 = Release|x86
		{EA98AC4C-BA67-4577-BAFF-B8DD5079A59D}.AppStore|Any CPU.ActiveCfg = Release|x86
		{EA98AC4C-BA67-4577-BAFF-B8DD5079A59D}.AppStore|Any CPU.Build.0 = Release|x86
		{EA98AC4C-BA67-4577-BAFF-B8DD5079A59D}.AppStore|Any CPU.Deploy.0 = Release|x86
		{EA98AC4C-BA67-4577-BAFF-B8DD5079A59D}.AppStore|ARM.ActiveCfg = Release|ARM
		{EA98AC4C-BA67-4577-BAFF-B8DD5079A59D}.AppStore|ARM.Build.0 = Release|ARM
		{EA98AC4C-BA67-4577-BAFF-B8DD5079A59D}.AppStore|ARM.Deploy.0 = Release|ARM
		{EA98AC4C-BA67-4577-BAFF-B8DD5079A59D}.AppStore|iPhone.ActiveCfg = Release|x86
		{EA98AC4C-BA67-4577-BAFF-B8DD5079A59D}.AppStore|iPhone.Build.0 = Release|x86
		{EA98AC4C-BA67-4577-BAFF-B8DD5079A59D}.AppStore|iPhone.Deploy.0 = Release|x86
		{EA98AC4C-BA67-4577-BAFF-B8DD5079A59D}.AppStore|iPhoneSimulator.ActiveCfg = Release|x86
		{EA98AC4C-BA67-4577-BAFF-B8DD5079A59D}.AppStore|iPhoneSimulator.Build.0 = Release|x86
		{EA98AC4C-BA67-4577-BAFF-B8DD5079A59D}.AppStore|iPhoneSimulator.Deploy.0 = Release|x86
		{EA98AC4C-BA67-4577-BAFF-B8DD5079A59D}.AppStore|x64.ActiveCfg = Release|x64
		{EA98AC4C-BA67-4577-BAFF-B8DD5079A59D}.AppStore|x64.Build.0 = Release|x64
		{EA98AC4C-BA67-4577-BAFF-B8DD5079A59D}.AppStore|x64.Deploy.0 = Release|x64
		{EA98AC4C-BA67-4577-BAFF-B8DD5079A59D}.AppStore|x86.ActiveCfg = Release|x86
		{EA98AC4C-BA67-4577-BAFF-B8DD5079A59D}.AppStore|x86.Build.0 = Release|x86
		{EA98AC4C-BA67-4577-BAFF-B8DD5079A59D}.AppStore|x86.Deploy.0 = Release|x86
		{EA98AC4C-BA67-4577-BAFF-B8DD5079A59D}.Debug|Any CPU.ActiveCfg = Debug|x86
		{EA98AC4C-BA67-4577-BAFF-B8DD5079A59D}.Debug|ARM.ActiveCfg = Debug|ARM
		{EA98AC4C-BA67-4577-BAFF-B8DD5079A59D}.Debug|ARM.Build.0 = Debug|ARM
		{EA98AC4C-BA67-4577-BAFF-B8DD5079A59D}.Debug|ARM.Deploy.0 = Debug|ARM
		{EA98AC4C-BA67-4577-BAFF-B8DD5079A59D}.Debug|iPhone.ActiveCfg = Debug|x86
		{EA98AC4C-BA67-4577-BAFF-B8DD5079A59D}.Debug|iPhoneSimulator.ActiveCfg = Debug|x86
		{EA98AC4C-BA67-4577-BAFF-B8DD5079A59D}.Debug|x64.ActiveCfg = Debug|x64
		{EA98AC4C-BA67-4577-BAFF-B8DD5079A59D}.Debug|x64.Build.0 = Debug|x64
		{EA98AC4C-BA67-4577-BAFF-B8DD5079A59D}.Debug|x64.Deploy.0 = Debug|x64
		{EA98AC4C-BA67-4577-BAFF-B8DD5079A59D}.Debug|x86.ActiveCfg = Debug|x86
		{EA98AC4C-BA67-4577-BAFF-B8DD5079A59D}.Debug|x86.Build.0 = Debug|x86
		{EA98AC4C-BA67-4577-BAFF-B8DD5079A59D}.Debug|x86.Deploy.0 = Debug|x86
		{EA98AC4C-BA67-4577-BAFF-B8DD5079A59D}.Release|Any CPU.ActiveCfg = Release|x86
		{EA98AC4C-BA67-4577-BAFF-B8DD5079A59D}.Release|ARM.ActiveCfg = Release|ARM
		{EA98AC4C-BA67-4577-BAFF-B8DD5079A59D}.Release|ARM.Build.0 = Release|ARM
		{EA98AC4C-BA67-4577-BAFF-B8DD5079A59D}.Release|ARM.Deploy.0 = Release|ARM
		{EA98AC4C-BA67-4577-BAFF-B8DD5079A59D}.Release|iPhone.ActiveCfg = Release|x86
		{EA98AC4C-BA67-4577-BAFF-B8DD5079A59D}.Release|iPhoneSimulator.ActiveCfg = Release|x86
		{EA98AC4C-BA67-4577-BAFF-B8DD5079A59D}.Release|x64.ActiveCfg = Release|x64
		{EA98AC4C-BA67-4577-BAFF-B8DD5079A59D}.Release|x64.Build.0 = Release|x64
		{EA98AC4C-BA67-4577-BAFF-B8DD5079A59D}.Release|x64.Deploy.0 = Release|x64
		{EA98AC4C-BA67-4577-BAFF-B8DD5079A59D}.Release|x86.ActiveCfg = Release|x86
		{EA98AC4C-BA67-4577-BAFF-B8DD5079A59D}.Release|x86.Build.0 = Release|x86
		{EA98AC4C-BA67-4577-BAFF-B8DD5079A59D}.Release|x86.Deploy.0 = Release|x86
		{449AAC67-3D13-4FA5-B294-A05178251C0A}.Ad-Hoc|Any CPU.ActiveCfg = Debug|Any CPU
		{449AAC67-3D13-4FA5-B294-A05178251C0A}.Ad-Hoc|Any CPU.Build.0 = Debug|Any CPU
		{449AAC67-3D13-4FA5-B294-A05178251C0A}.Ad-Hoc|ARM.ActiveCfg = Debug|Any CPU
		{449AAC67-3D13-4FA5-B294-A05178251C0A}.Ad-Hoc|ARM.Build.0 = Debug|Any CPU
		{449AAC67-3D13-4FA5-B294-A05178251C0A}.Ad-Hoc|iPhone.ActiveCfg = Debug|Any CPU
		{449AAC67-3D13-4FA5-B294-A05178251C0A}.Ad-Hoc|iPhone.Build.0 = Debug|Any CPU
		{449AAC67-3D13-4FA5-B294-A05178251C0A}.Ad-Hoc|iPhoneSimulator.ActiveCfg = Debug|Any CPU
		{449AAC67-3D13-4FA5-B294-A05178251C0A}.Ad-Hoc|iPhoneSimulator.Build.0 = Debug|Any CPU
		{449AAC67-3D13-4FA5-B294-A05178251C0A}.Ad-Hoc|x64.ActiveCfg = Debug|Any CPU
		{449AAC67-3D13-4FA5-B294-A05178251C0A}.Ad-Hoc|x64.Build.0 = Debug|Any CPU
		{449AAC67-3D13-4FA5-B294-A05178251C0A}.Ad-Hoc|x86.ActiveCfg = Debug|Any CPU
		{449AAC67-3D13-4FA5-B294-A05178251C0A}.Ad-Hoc|x86.Build.0 = Debug|Any CPU
		{449AAC67-3D13-4FA5-B294-A05178251C0A}.AppStore|Any CPU.ActiveCfg = Debug|Any CPU
		{449AAC67-3D13-4FA5-B294-A05178251C0A}.AppStore|Any CPU.Build.0 = Debug|Any CPU
		{449AAC67-3D13-4FA5-B294-A05178251C0A}.AppStore|ARM.ActiveCfg = Debug|Any CPU
		{449AAC67-3D13-4FA5-B294-A05178251C0A}.AppStore|ARM.Build.0 = Debug|Any CPU
		{449AAC67-3D13-4FA5-B294-A05178251C0A}.AppStore|iPhone.ActiveCfg = Debug|Any CPU
		{449AAC67-3D13-4FA5-B294-A05178251C0A}.AppStore|iPhone.Build.0 = Debug|Any CPU
		{449AAC67-3D13-4FA5-B294-A05178251C0A}.AppStore|iPhoneSimulator.ActiveCfg = Debug|Any CPU
		{449AAC67-3D13-4FA5-B294-A05178251C0A}.AppStore|iPhoneSimulator.Build.0 = Debug|Any CPU
		{449AAC67-3D13-4FA5-B294-A05178251C0A}.AppStore|x64.ActiveCfg = Debug|Any CPU
		{449AAC67-3D13-4FA5-B294-A05178251C0A}.AppStore|x64.Build.0 = Debug|Any CPU
		{449AAC67-3D13-4FA5-B294-A05178251C0A}.AppStore|x86.ActiveCfg = Debug|Any CPU
		{449AAC67-3D13-4FA5-B294-A05178251C0A}.AppStore|x86.Build.0 = Debug|Any CPU
		{449AAC67-3D13-4FA5-B294-A05178251C0A}.Debug|Any CPU.ActiveCfg = Debug|Any CPU
		{449AAC67-3D13-4FA5-B294-A05178251C0A}.Debug|Any CPU.Build.0 = Debug|Any CPU
		{449AAC67-3D13-4FA5-B294-A05178251C0A}.Debug|ARM.ActiveCfg = Debug|Any CPU
		{449AAC67-3D13-4FA5-B294-A05178251C0A}.Debug|ARM.Build.0 = Debug|Any CPU
		{449AAC67-3D13-4FA5-B294-A05178251C0A}.Debug|iPhone.ActiveCfg = Debug|Any CPU
		{449AAC67-3D13-4FA5-B294-A05178251C0A}.Debug|iPhone.Build.0 = Debug|Any CPU
		{449AAC67-3D13-4FA5-B294-A05178251C0A}.Debug|iPhoneSimulator.ActiveCfg = Debug|Any CPU
		{449AAC67-3D13-4FA5-B294-A05178251C0A}.Debug|iPhoneSimulator.Build.0 = Debug|Any CPU
		{449AAC67-3D13-4FA5-B294-A05178251C0A}.Debug|x64.ActiveCfg = Debug|Any CPU
		{449AAC67-3D13-4FA5-B294-A05178251C0A}.Debug|x64.Build.0 = Debug|Any CPU
		{449AAC67-3D13-4FA5-B294-A05178251C0A}.Debug|x86.ActiveCfg = Debug|Any CPU
		{449AAC67-3D13-4FA5-B294-A05178251C0A}.Debug|x86.Build.0 = Debug|Any CPU
		{449AAC67-3D13-4FA5-B294-A05178251C0A}.Release|Any CPU.ActiveCfg = Release|Any CPU
		{449AAC67-3D13-4FA5-B294-A05178251C0A}.Release|Any CPU.Build.0 = Release|Any CPU
		{449AAC67-3D13-4FA5-B294-A05178251C0A}.Release|ARM.ActiveCfg = Release|Any CPU
		{449AAC67-3D13-4FA5-B294-A05178251C0A}.Release|ARM.Build.0 = Release|Any CPU
		{449AAC67-3D13-4FA5-B294-A05178251C0A}.Release|iPhone.ActiveCfg = Release|Any CPU
		{449AAC67-3D13-4FA5-B294-A05178251C0A}.Release|iPhone.Build.0 = Release|Any CPU
		{449AAC67-3D13-4FA5-B294-A05178251C0A}.Release|iPhoneSimulator.ActiveCfg = Release|Any CPU
		{449AAC67-3D13-4FA5-B294-A05178251C0A}.Release|iPhoneSimulator.Build.0 = Release|Any CPU
		{449AAC67-3D13-4FA5-B294-A05178251C0A}.Release|x64.ActiveCfg = Release|Any CPU
		{449AAC67-3D13-4FA5-B294-A05178251C0A}.Release|x64.Build.0 = Release|Any CPU
		{449AAC67-3D13-4FA5-B294-A05178251C0A}.Release|x86.ActiveCfg = Release|Any CPU
		{449AAC67-3D13-4FA5-B294-A05178251C0A}.Release|x86.Build.0 = Release|Any CPU
	EndGlobalSection
	GlobalSection(SolutionProperties) = preSolution
		HideSolutionNode = FALSE
	EndGlobalSection
	GlobalSection(NestedProjects) = preSolution
		{59B0937C-D5D5-4B0A-9642-67301C42EAC3} = {88B9CB6E-C2C5-4018-900C-CF1938953EB7}
		{6E4720CA-4F4A-47E0-A99A-74357DF070F1} = {88B9CB6E-C2C5-4018-900C-CF1938953EB7}
		{67FD0389-3CE8-4568-8EAE-7BE2FB23BD72} = {88B9CB6E-C2C5-4018-900C-CF1938953EB7}
		{D47054C7-BA1E-4618-AE39-1D187DECA9F9} = {88B9CB6E-C2C5-4018-900C-CF1938953EB7}
		{38BFCAED-448F-4B75-BA04-AB1877AB8D2F} = {88B9CB6E-C2C5-4018-900C-CF1938953EB7}
		{A542F324-F3CA-4D97-893D-23DBAD6D58B9} = {88B9CB6E-C2C5-4018-900C-CF1938953EB7}
		{EA98AC4C-BA67-4577-BAFF-B8DD5079A59D} = {88B9CB6E-C2C5-4018-900C-CF1938953EB7}
		{449AAC67-3D13-4FA5-B294-A05178251C0A} = {88B9CB6E-C2C5-4018-900C-CF1938953EB7}
	EndGlobalSection
	GlobalSection(ExtensibilityGlobals) = postSolution
		SolutionGuid = {E1EC2AC0-20F9-4F3D-B3E8-F4425FD33288}
	EndGlobalSection
EndGlobal
